
Microsoft Visual Studio Solution File, Format Version 12.00
# Visual Studio Version 17
VisualStudioVersion = 17.7.34024.191
MinimumVisualStudioVersion = 10.0.40219.1
Project("{FAE04EC0-301F-11D3-BF4B-00C04F79EFBC}") = "BlogProject.WebBlog", "BlogProject.WebBlog\BlogProject.WebBlog.csproj", "{D1A7802E-50AE-4190-BE18-604EBEFA1DE1}"
EndProject
Global
	GlobalSection(SolutionConfigurationPlatforms) = preSolution
		Debug|Any CPU = Debug|Any CPU
		Release|Any CPU = Release|Any CPU
	EndGlobalSection
	GlobalSection(ProjectConfigurationPlatforms) = postSolution
		{D1A7802E-50AE-4190-BE18-604EBEFA1DE1}.Debug|Any CPU.ActiveCfg = Debug|Any CPU
		{D1A7802E-50AE-4190-BE18-604EBEFA1DE1}.Debug|Any CPU.Build.0 = Debug|Any CPU
		{D1A7802E-50AE-4190-BE18-604EBEFA1DE1}.Release|Any CPU.ActiveCfg = Release|Any CPU
		{D1A7802E-50AE-4190-BE18-604EBEFA1DE1}.Release|Any CPU.Build.0 = Release|Any CPU
	EndGlobalSection
	GlobalSection(SolutionProperties) = preSolution
		HideSolutionNode = FALSE
	EndGlobalSection
	GlobalSection(ExtensibilityGlobals) = postSolution
		SolutionGuid = {A162238E-DD02-4160-B82A-F38B57BD87E6}
	EndGlobalSection
EndGlobal
